// !$*UTF8*$!
{
	archiveVersion = 1;
	classes = {
	};
	objectVersion = 51;
	objects = {

/* Begin PBXBuildFile section */
		10356052232CDC1400466075 /* Student.swift in Sources */ = {isa = PBXBuildFile; fileRef = 10356051232CDC1400466075 /* Student.swift */; };
		10356054232CDE0600466075 /* Attendance.swift in Sources */ = {isa = PBXBuildFile; fileRef = 10356053232CDE0600466075 /* Attendance.swift */; };
		10356056232CDFD700466075 /* Assessment.swift in Sources */ = {isa = PBXBuildFile; fileRef = 10356055232CDFD700466075 /* Assessment.swift */; };
		10356058232CE6BB00466075 /* Marks.swift in Sources */ = {isa = PBXBuildFile; fileRef = 10356057232CE6BB00466075 /* Marks.swift */; };
		1035605A232CEF1400466075 /* ImportData.swift in Sources */ = {isa = PBXBuildFile; fileRef = 10356059232CEF1400466075 /* ImportData.swift */; };
		10507FC72335C15B0006F229 /* SingleAssessment.storyboard in Resources */ = {isa = PBXBuildFile; fileRef = 10507FC62335C15B0006F229 /* SingleAssessment.storyboard */; };
		10507FC92335C23F0006F229 /* SingleAssessmentViewController.swift in Sources */ = {isa = PBXBuildFile; fileRef = 10507FC82335C23F0006F229 /* SingleAssessmentViewController.swift */; };
		10507FCB2335C8750006F229 /* AssessmentDetailsTableViewCell.swift in Sources */ = {isa = PBXBuildFile; fileRef = 10507FCA2335C8750006F229 /* AssessmentDetailsTableViewCell.swift */; };
		10507FCD2335DDBA0006F229 /* studentObjects.swift in Sources */ = {isa = PBXBuildFile; fileRef = 10507FCC2335DDBA0006F229 /* studentObjects.swift */; };
		1054579B232E4B28008BEF57 /* SingleStudentTableViewCell.swift in Sources */ = {isa = PBXBuildFile; fileRef = 1054579A232E4B28008BEF57 /* SingleStudentTableViewCell.swift */; };
		1054579D232E5CC8008BEF57 /* AllStudentsTableViewController.swift in Sources */ = {isa = PBXBuildFile; fileRef = 1054579C232E5CC8008BEF57 /* AllStudentsTableViewController.swift */; };
		106EAFEB232E93EF00A20C5B /* StudentProfileViewController.swift in Sources */ = {isa = PBXBuildFile; fileRef = 106EAFEA232E93EF00A20C5B /* StudentProfileViewController.swift */; };
		106EAFED232F6F2F00A20C5B /* StudentProfile.storyboard in Resources */ = {isa = PBXBuildFile; fileRef = 106EAFEC232F6F2F00A20C5B /* StudentProfile.storyboard */; };
		106EAFEF232F83D000A20C5B /* SingleAssessmentTableViewCell.swift in Sources */ = {isa = PBXBuildFile; fileRef = 106EAFEE232F83D000A20C5B /* SingleAssessmentTableViewCell.swift */; };
		106EAFF1232F934700A20C5B /* Attendance.storyboard in Resources */ = {isa = PBXBuildFile; fileRef = 106EAFF0232F934700A20C5B /* Attendance.storyboard */; };
		106EAFF3232F93AA00A20C5B /* AttendanceViewController.swift in Sources */ = {isa = PBXBuildFile; fileRef = 106EAFF2232F93AA00A20C5B /* AttendanceViewController.swift */; };
		106EAFF6232FDFF800A20C5B /* convertToDate.swift in Sources */ = {isa = PBXBuildFile; fileRef = 106EAFF5232FDFF800A20C5B /* convertToDate.swift */; };
		10C103012333DA1300D7A469 /* popupAlert.swift in Sources */ = {isa = PBXBuildFile; fileRef = 10C103002333DA1300D7A469 /* popupAlert.swift */; };
		10EC239C232CA46D00E488B3 /* AppDelegate.swift in Sources */ = {isa = PBXBuildFile; fileRef = 10EC239B232CA46D00E488B3 /* AppDelegate.swift */; };
		10EC239E232CA46D00E488B3 /* ViewController.swift in Sources */ = {isa = PBXBuildFile; fileRef = 10EC239D232CA46D00E488B3 /* ViewController.swift */; };
		10EC23A1232CA46D00E488B3 /* Main.storyboard in Resources */ = {isa = PBXBuildFile; fileRef = 10EC239F232CA46D00E488B3 /* Main.storyboard */; };
		10EC23A6232CA46E00E488B3 /* LaunchScreen.storyboard in Resources */ = {isa = PBXBuildFile; fileRef = 10EC23A4232CA46E00E488B3 /* LaunchScreen.storyboard */; };
		10EC23B1232CA46E00E488B3 /* myclassTests.swift in Sources */ = {isa = PBXBuildFile; fileRef = 10EC23B0232CA46E00E488B3 /* myclassTests.swift */; };
		10EC23BC232CA46E00E488B3 /* myclassUITests.swift in Sources */ = {isa = PBXBuildFile; fileRef = 10EC23BB232CA46E00E488B3 /* myclassUITests.swift */; };
		431C832CB18891242FD6B578 /* Pods_myclassUITests.framework in Frameworks */ = {isa = PBXBuildFile; fileRef = 813ACA92B1C15B4F12D81D9D /* Pods_myclassUITests.framework */; };
		9DC4164F5E3E91C40101265B /* Pods_myclassTests.framework in Frameworks */ = {isa = PBXBuildFile; fileRef = E0E5F3B7F7C6DECFB6BF0A9A /* Pods_myclassTests.framework */; };
		CE0119D9232F76E0002E183C /* Assessments.storyboard in Resources */ = {isa = PBXBuildFile; fileRef = CE0119D8232F76E0002E183C /* Assessments.storyboard */; };
		CE0119DB232F78DB002E183C /* AssessmentsTableViewController.swift in Sources */ = {isa = PBXBuildFile; fileRef = CE0119DA232F78DB002E183C /* AssessmentsTableViewController.swift */; };
		CE0119DD2330899C002E183C /* AssessmentProfile.storyboard in Resources */ = {isa = PBXBuildFile; fileRef = CE0119DC2330899C002E183C /* AssessmentProfile.storyboard */; };
		CE0119DF23308D2B002E183C /* AssessmentProfileViewController.swift in Sources */ = {isa = PBXBuildFile; fileRef = CE0119DE23308D2B002E183C /* AssessmentProfileViewController.swift */; };
		CE28ACFD2335FFF400A2B24E /* CustomDate.swift in Sources */ = {isa = PBXBuildFile; fileRef = CE28ACFC2335FFF400A2B24E /* CustomDate.swift */; };
		CE37B7A5232CB91A0086DCD3 /* Home.storyboard in Resources */ = {isa = PBXBuildFile; fileRef = CE37B7A4232CB91A0086DCD3 /* Home.storyboard */; };
		CE37B7A7232CB9930086DCD3 /* HomeViewController.swift in Sources */ = {isa = PBXBuildFile; fileRef = CE37B7A6232CB9930086DCD3 /* HomeViewController.swift */; };
		CE37B7AB232CDB1E0086DCD3 /* AddStudentViewController.swift in Sources */ = {isa = PBXBuildFile; fileRef = CE37B7AA232CDB1E0086DCD3 /* AddStudentViewController.swift */; };
		CE37B7AD232CDC550086DCD3 /* AddNewStudent.storyboard in Resources */ = {isa = PBXBuildFile; fileRef = CE37B7AC232CDC550086DCD3 /* AddNewStudent.storyboard */; };
		CEF579B3232D006E009099ED /* Images.xcassets in Resources */ = {isa = PBXBuildFile; fileRef = CEF579B2232D006E009099ED /* Images.xcassets */; };
		CEF579B9232E3C1C009099ED /* NewAssessment.storyboard in Resources */ = {isa = PBXBuildFile; fileRef = CEF579B8232E3C1C009099ED /* NewAssessment.storyboard */; };
		CEF579BB232E3E27009099ED /* NewAssessmentViewController.swift in Sources */ = {isa = PBXBuildFile; fileRef = CEF579BA232E3E27009099ED /* NewAssessmentViewController.swift */; };
		CEF579BF232E3FA9009099ED /* StudentsViewController.swift in Sources */ = {isa = PBXBuildFile; fileRef = CEF579BE232E3FA9009099ED /* StudentsViewController.swift */; };
		CEF579C1232E3FB8009099ED /* ExportViewController.swift in Sources */ = {isa = PBXBuildFile; fileRef = CEF579C0232E3FB8009099ED /* ExportViewController.swift */; };
		F8DC9724413B085D64D7D9B6 /* Pods_myclass.framework in Frameworks */ = {isa = PBXBuildFile; fileRef = BD136BACECD42362A6A4D823 /* Pods_myclass.framework */; };
/* End PBXBuildFile section */

/* Begin PBXContainerItemProxy section */
		10EC23AD232CA46E00E488B3 /* PBXContainerItemProxy */ = {
			isa = PBXContainerItemProxy;
			containerPortal = 10EC2390232CA46D00E488B3 /* Project object */;
			proxyType = 1;
			remoteGlobalIDString = 10EC2397232CA46D00E488B3;
			remoteInfo = myclass;
		};
		10EC23B8232CA46E00E488B3 /* PBXContainerItemProxy */ = {
			isa = PBXContainerItemProxy;
			containerPortal = 10EC2390232CA46D00E488B3 /* Project object */;
			proxyType = 1;
			remoteGlobalIDString = 10EC2397232CA46D00E488B3;
			remoteInfo = myclass;
		};
/* End PBXContainerItemProxy section */

/* Begin PBXFileReference section */
		10356051232CDC1400466075 /* Student.swift */ = {isa = PBXFileReference; lastKnownFileType = sourcecode.swift; path = Student.swift; sourceTree = "<group>"; };
		10356053232CDE0600466075 /* Attendance.swift */ = {isa = PBXFileReference; lastKnownFileType = sourcecode.swift; path = Attendance.swift; sourceTree = "<group>"; };
		10356055232CDFD700466075 /* Assessment.swift */ = {isa = PBXFileReference; lastKnownFileType = sourcecode.swift; path = Assessment.swift; sourceTree = "<group>"; };
		10356057232CE6BB00466075 /* Marks.swift */ = {isa = PBXFileReference; lastKnownFileType = sourcecode.swift; path = Marks.swift; sourceTree = "<group>"; };
		10356059232CEF1400466075 /* ImportData.swift */ = {isa = PBXFileReference; lastKnownFileType = sourcecode.swift; path = ImportData.swift; sourceTree = "<group>"; };
		10507FC62335C15B0006F229 /* SingleAssessment.storyboard */ = {isa = PBXFileReference; lastKnownFileType = file.storyboard; path = SingleAssessment.storyboard; sourceTree = "<group>"; };
		10507FC82335C23F0006F229 /* SingleAssessmentViewController.swift */ = {isa = PBXFileReference; lastKnownFileType = sourcecode.swift; path = SingleAssessmentViewController.swift; sourceTree = "<group>"; };
		10507FCA2335C8750006F229 /* AssessmentDetailsTableViewCell.swift */ = {isa = PBXFileReference; lastKnownFileType = sourcecode.swift; path = AssessmentDetailsTableViewCell.swift; sourceTree = "<group>"; };
		10507FCC2335DDBA0006F229 /* studentObjects.swift */ = {isa = PBXFileReference; lastKnownFileType = sourcecode.swift; path = studentObjects.swift; sourceTree = "<group>"; };
		1054579A232E4B28008BEF57 /* SingleStudentTableViewCell.swift */ = {isa = PBXFileReference; lastKnownFileType = sourcecode.swift; path = SingleStudentTableViewCell.swift; sourceTree = "<group>"; };
		1054579C232E5CC8008BEF57 /* AllStudentsTableViewController.swift */ = {isa = PBXFileReference; lastKnownFileType = sourcecode.swift; path = AllStudentsTableViewController.swift; sourceTree = "<group>"; };
		106EAFEA232E93EF00A20C5B /* StudentProfileViewController.swift */ = {isa = PBXFileReference; lastKnownFileType = sourcecode.swift; path = StudentProfileViewController.swift; sourceTree = "<group>"; };
		106EAFEC232F6F2F00A20C5B /* StudentProfile.storyboard */ = {isa = PBXFileReference; lastKnownFileType = file.storyboard; path = StudentProfile.storyboard; sourceTree = "<group>"; };
		106EAFEE232F83D000A20C5B /* SingleAssessmentTableViewCell.swift */ = {isa = PBXFileReference; lastKnownFileType = sourcecode.swift; path = SingleAssessmentTableViewCell.swift; sourceTree = "<group>"; };
		106EAFF0232F934700A20C5B /* Attendance.storyboard */ = {isa = PBXFileReference; lastKnownFileType = file.storyboard; path = Attendance.storyboard; sourceTree = "<group>"; };
		106EAFF2232F93AA00A20C5B /* AttendanceViewController.swift */ = {isa = PBXFileReference; lastKnownFileType = sourcecode.swift; path = AttendanceViewController.swift; sourceTree = "<group>"; };
		106EAFF5232FDFF800A20C5B /* convertToDate.swift */ = {isa = PBXFileReference; lastKnownFileType = sourcecode.swift; path = convertToDate.swift; sourceTree = "<group>"; };
		10C103002333DA1300D7A469 /* popupAlert.swift */ = {isa = PBXFileReference; lastKnownFileType = sourcecode.swift; path = popupAlert.swift; sourceTree = "<group>"; };
		10EC2398232CA46D00E488B3 /* myclass.app */ = {isa = PBXFileReference; explicitFileType = wrapper.application; includeInIndex = 0; path = myclass.app; sourceTree = BUILT_PRODUCTS_DIR; };
		10EC239B232CA46D00E488B3 /* AppDelegate.swift */ = {isa = PBXFileReference; lastKnownFileType = sourcecode.swift; path = AppDelegate.swift; sourceTree = "<group>"; };
		10EC239D232CA46D00E488B3 /* ViewController.swift */ = {isa = PBXFileReference; lastKnownFileType = sourcecode.swift; path = ViewController.swift; sourceTree = "<group>"; };
		10EC23A0232CA46D00E488B3 /* Base */ = {isa = PBXFileReference; lastKnownFileType = file.storyboard; name = Base; path = Base.lproj/Main.storyboard; sourceTree = "<group>"; };
		10EC23A5232CA46E00E488B3 /* Base */ = {isa = PBXFileReference; lastKnownFileType = file.storyboard; name = Base; path = Base.lproj/LaunchScreen.storyboard; sourceTree = "<group>"; };
		10EC23A7232CA46E00E488B3 /* Info.plist */ = {isa = PBXFileReference; lastKnownFileType = text.plist.xml; path = Info.plist; sourceTree = "<group>"; };
		10EC23AC232CA46E00E488B3 /* myclassTests.xctest */ = {isa = PBXFileReference; explicitFileType = wrapper.cfbundle; includeInIndex = 0; path = myclassTests.xctest; sourceTree = BUILT_PRODUCTS_DIR; };
		10EC23B0232CA46E00E488B3 /* myclassTests.swift */ = {isa = PBXFileReference; lastKnownFileType = sourcecode.swift; path = myclassTests.swift; sourceTree = "<group>"; };
		10EC23B2232CA46E00E488B3 /* Info.plist */ = {isa = PBXFileReference; lastKnownFileType = text.plist.xml; path = Info.plist; sourceTree = "<group>"; };
		10EC23B7232CA46E00E488B3 /* myclassUITests.xctest */ = {isa = PBXFileReference; explicitFileType = wrapper.cfbundle; includeInIndex = 0; path = myclassUITests.xctest; sourceTree = BUILT_PRODUCTS_DIR; };
		10EC23BB232CA46E00E488B3 /* myclassUITests.swift */ = {isa = PBXFileReference; lastKnownFileType = sourcecode.swift; path = myclassUITests.swift; sourceTree = "<group>"; };
		10EC23BD232CA46E00E488B3 /* Info.plist */ = {isa = PBXFileReference; lastKnownFileType = text.plist.xml; path = Info.plist; sourceTree = "<group>"; };
		3DE08FA83301EC0C7C7C5636 /* Pods-myclass.debug.xcconfig */ = {isa = PBXFileReference; includeInIndex = 1; lastKnownFileType = text.xcconfig; name = "Pods-myclass.debug.xcconfig"; path = "Target Support Files/Pods-myclass/Pods-myclass.debug.xcconfig"; sourceTree = "<group>"; };
		497346CCF5D5137E195498B5 /* Pods-myclassUITests.debug.xcconfig */ = {isa = PBXFileReference; includeInIndex = 1; lastKnownFileType = text.xcconfig; name = "Pods-myclassUITests.debug.xcconfig"; path = "Target Support Files/Pods-myclassUITests/Pods-myclassUITests.debug.xcconfig"; sourceTree = "<group>"; };
		505A6F1692F0B66B93A5CFBF /* Pods-myclassTests.debug.xcconfig */ = {isa = PBXFileReference; includeInIndex = 1; lastKnownFileType = text.xcconfig; name = "Pods-myclassTests.debug.xcconfig"; path = "Target Support Files/Pods-myclassTests/Pods-myclassTests.debug.xcconfig"; sourceTree = "<group>"; };
		5469AE42A186FA1C876925C9 /* Pods-myclass.release.xcconfig */ = {isa = PBXFileReference; includeInIndex = 1; lastKnownFileType = text.xcconfig; name = "Pods-myclass.release.xcconfig"; path = "Target Support Files/Pods-myclass/Pods-myclass.release.xcconfig"; sourceTree = "<group>"; };
		813ACA92B1C15B4F12D81D9D /* Pods_myclassUITests.framework */ = {isa = PBXFileReference; explicitFileType = wrapper.framework; includeInIndex = 0; path = Pods_myclassUITests.framework; sourceTree = BUILT_PRODUCTS_DIR; };
		BD136BACECD42362A6A4D823 /* Pods_myclass.framework */ = {isa = PBXFileReference; explicitFileType = wrapper.framework; includeInIndex = 0; path = Pods_myclass.framework; sourceTree = BUILT_PRODUCTS_DIR; };
		CE0119D8232F76E0002E183C /* Assessments.storyboard */ = {isa = PBXFileReference; lastKnownFileType = file.storyboard; path = Assessments.storyboard; sourceTree = "<group>"; };
		CE0119DA232F78DB002E183C /* AssessmentsTableViewController.swift */ = {isa = PBXFileReference; lastKnownFileType = sourcecode.swift; path = AssessmentsTableViewController.swift; sourceTree = "<group>"; };
		CE0119DC2330899C002E183C /* AssessmentProfile.storyboard */ = {isa = PBXFileReference; lastKnownFileType = file.storyboard; path = AssessmentProfile.storyboard; sourceTree = "<group>"; };
		CE0119DE23308D2B002E183C /* AssessmentProfileViewController.swift */ = {isa = PBXFileReference; lastKnownFileType = sourcecode.swift; path = AssessmentProfileViewController.swift; sourceTree = "<group>"; };
		CE28ACFC2335FFF400A2B24E /* CustomDate.swift */ = {isa = PBXFileReference; fileEncoding = 4; lastKnownFileType = sourcecode.swift; path = CustomDate.swift; sourceTree = "<group>"; };
		CE37B7A4232CB91A0086DCD3 /* Home.storyboard */ = {isa = PBXFileReference; lastKnownFileType = file.storyboard; path = Home.storyboard; sourceTree = "<group>"; };
		CE37B7A6232CB9930086DCD3 /* HomeViewController.swift */ = {isa = PBXFileReference; lastKnownFileType = sourcecode.swift; path = HomeViewController.swift; sourceTree = "<group>"; };
		CE37B7AA232CDB1E0086DCD3 /* AddStudentViewController.swift */ = {isa = PBXFileReference; lastKnownFileType = sourcecode.swift; path = AddStudentViewController.swift; sourceTree = "<group>"; };
		CE37B7AC232CDC550086DCD3 /* AddNewStudent.storyboard */ = {isa = PBXFileReference; lastKnownFileType = file.storyboard; path = AddNewStudent.storyboard; sourceTree = "<group>"; };
		CEF579B2232D006E009099ED /* Images.xcassets */ = {isa = PBXFileReference; lastKnownFileType = folder.assetcatalog; path = Images.xcassets; sourceTree = "<group>"; };
		CEF579B8232E3C1C009099ED /* NewAssessment.storyboard */ = {isa = PBXFileReference; lastKnownFileType = file.storyboard; path = NewAssessment.storyboard; sourceTree = "<group>"; };
		CEF579BA232E3E27009099ED /* NewAssessmentViewController.swift */ = {isa = PBXFileReference; lastKnownFileType = sourcecode.swift; path = NewAssessmentViewController.swift; sourceTree = "<group>"; };
		CEF579BE232E3FA9009099ED /* StudentsViewController.swift */ = {isa = PBXFileReference; lastKnownFileType = sourcecode.swift; path = StudentsViewController.swift; sourceTree = "<group>"; };
		CEF579C0232E3FB8009099ED /* ExportViewController.swift */ = {isa = PBXFileReference; lastKnownFileType = sourcecode.swift; path = ExportViewController.swift; sourceTree = "<group>"; };
		DC15059C0D0EC1F01ECB6B1D /* Pods-myclassUITests.release.xcconfig */ = {isa = PBXFileReference; includeInIndex = 1; lastKnownFileType = text.xcconfig; name = "Pods-myclassUITests.release.xcconfig"; path = "Target Support Files/Pods-myclassUITests/Pods-myclassUITests.release.xcconfig"; sourceTree = "<group>"; };
		E0E5F3B7F7C6DECFB6BF0A9A /* Pods_myclassTests.framework */ = {isa = PBXFileReference; explicitFileType = wrapper.framework; includeInIndex = 0; path = Pods_myclassTests.framework; sourceTree = BUILT_PRODUCTS_DIR; };
		FE60C100566E7C108769B7A0 /* Pods-myclassTests.release.xcconfig */ = {isa = PBXFileReference; includeInIndex = 1; lastKnownFileType = text.xcconfig; name = "Pods-myclassTests.release.xcconfig"; path = "Target Support Files/Pods-myclassTests/Pods-myclassTests.release.xcconfig"; sourceTree = "<group>"; };
/* End PBXFileReference section */

/* Begin PBXFrameworksBuildPhase section */
		10EC2395232CA46D00E488B3 /* Frameworks */ = {
			isa = PBXFrameworksBuildPhase;
			buildActionMask = 2147483647;
			files = (
				F8DC9724413B085D64D7D9B6 /* Pods_myclass.framework in Frameworks */,
			);
			runOnlyForDeploymentPostprocessing = 0;
		};
		10EC23A9232CA46E00E488B3 /* Frameworks */ = {
			isa = PBXFrameworksBuildPhase;
			buildActionMask = 2147483647;
			files = (
				9DC4164F5E3E91C40101265B /* Pods_myclassTests.framework in Frameworks */,
			);
			runOnlyForDeploymentPostprocessing = 0;
		};
		10EC23B4232CA46E00E488B3 /* Frameworks */ = {
			isa = PBXFrameworksBuildPhase;
			buildActionMask = 2147483647;
			files = (
				431C832CB18891242FD6B578 /* Pods_myclassUITests.framework in Frameworks */,
			);
			runOnlyForDeploymentPostprocessing = 0;
		};
/* End PBXFrameworksBuildPhase section */

/* Begin PBXGroup section */
		10EC238F232CA46D00E488B3 = {
			isa = PBXGroup;
			children = (
				CEF579B2232D006E009099ED /* Images.xcassets */,
				10EC239A232CA46D00E488B3 /* myclass */,
				10EC23AF232CA46E00E488B3 /* myclassTests */,
				10EC23BA232CA46E00E488B3 /* myclassUITests */,
				10EC2399232CA46D00E488B3 /* Products */,
				4D13AA7E41587F8309DCCBA9 /* Pods */,
				57299991AF0EABEF14440069 /* Frameworks */,
			);
			sourceTree = "<group>";
		};
		10EC2399232CA46D00E488B3 /* Products */ = {
			isa = PBXGroup;
			children = (
				10EC2398232CA46D00E488B3 /* myclass.app */,
				10EC23AC232CA46E00E488B3 /* myclassTests.xctest */,
				10EC23B7232CA46E00E488B3 /* myclassUITests.xctest */,
			);
			name = Products;
			sourceTree = "<group>";
		};
		10EC239A232CA46D00E488B3 /* myclass */ = {
			isa = PBXGroup;
			children = (
				CE37B7A3232CAA010086DCD3 /* ViewModel */,
				CE37B7A2232CA9F70086DCD3 /* View */,
				CE37B7A1232CA9ED0086DCD3 /* Model */,
				10EC239B232CA46D00E488B3 /* AppDelegate.swift */,
				10EC239D232CA46D00E488B3 /* ViewController.swift */,
				10EC23A7232CA46E00E488B3 /* Info.plist */,
			);
			path = myclass;
			sourceTree = "<group>";
		};
		10EC23AF232CA46E00E488B3 /* myclassTests */ = {
			isa = PBXGroup;
			children = (
				10EC23B0232CA46E00E488B3 /* myclassTests.swift */,
				10EC23B2232CA46E00E488B3 /* Info.plist */,
			);
			path = myclassTests;
			sourceTree = "<group>";
		};
		10EC23BA232CA46E00E488B3 /* myclassUITests */ = {
			isa = PBXGroup;
			children = (
				10EC23BB232CA46E00E488B3 /* myclassUITests.swift */,
				10EC23BD232CA46E00E488B3 /* Info.plist */,
			);
			path = myclassUITests;
			sourceTree = "<group>";
		};
		4D13AA7E41587F8309DCCBA9 /* Pods */ = {
			isa = PBXGroup;
			children = (
				3DE08FA83301EC0C7C7C5636 /* Pods-myclass.debug.xcconfig */,
				5469AE42A186FA1C876925C9 /* Pods-myclass.release.xcconfig */,
				505A6F1692F0B66B93A5CFBF /* Pods-myclassTests.debug.xcconfig */,
				FE60C100566E7C108769B7A0 /* Pods-myclassTests.release.xcconfig */,
				497346CCF5D5137E195498B5 /* Pods-myclassUITests.debug.xcconfig */,
				DC15059C0D0EC1F01ECB6B1D /* Pods-myclassUITests.release.xcconfig */,
			);
			path = Pods;
			sourceTree = "<group>";
		};
		57299991AF0EABEF14440069 /* Frameworks */ = {
			isa = PBXGroup;
			children = (
				BD136BACECD42362A6A4D823 /* Pods_myclass.framework */,
				E0E5F3B7F7C6DECFB6BF0A9A /* Pods_myclassTests.framework */,
				813ACA92B1C15B4F12D81D9D /* Pods_myclassUITests.framework */,
			);
			name = Frameworks;
			sourceTree = "<group>";
		};
		CE37B7A1232CA9ED0086DCD3 /* Model */ = {
			isa = PBXGroup;
			children = (
				CE28ACFC2335FFF400A2B24E /* CustomDate.swift */,
				10356051232CDC1400466075 /* Student.swift */,
				10356053232CDE0600466075 /* Attendance.swift */,
				10356055232CDFD700466075 /* Assessment.swift */,
				10356057232CE6BB00466075 /* Marks.swift */,
				10356059232CEF1400466075 /* ImportData.swift */,
				10507FCC2335DDBA0006F229 /* studentObjects.swift */,
			);
			name = Model;
			sourceTree = "<group>";
		};
		CE37B7A2232CA9F70086DCD3 /* View */ = {
			isa = PBXGroup;
			children = (
				10EC239F232CA46D00E488B3 /* Main.storyboard */,
				10EC23A4232CA46E00E488B3 /* LaunchScreen.storyboard */,
				CE37B7A4232CB91A0086DCD3 /* Home.storyboard */,
				CE37B7AC232CDC550086DCD3 /* AddNewStudent.storyboard */,
				CEF579B8232E3C1C009099ED /* NewAssessment.storyboard */,
				106EAFEC232F6F2F00A20C5B /* StudentProfile.storyboard */,
				CE0119D8232F76E0002E183C /* Assessments.storyboard */,
				106EAFF0232F934700A20C5B /* Attendance.storyboard */,
				CE0119DC2330899C002E183C /* AssessmentProfile.storyboard */,
				10507FC62335C15B0006F229 /* SingleAssessment.storyboard */,
			);
			path = View;
			sourceTree = "<group>";
		};
		CE37B7A3232CAA010086DCD3 /* ViewModel */ = {
			isa = PBXGroup;
			children = (
				CE37B7A6232CB9930086DCD3 /* HomeViewController.swift */,
				CE37B7AA232CDB1E0086DCD3 /* AddStudentViewController.swift */,
				CEF579BA232E3E27009099ED /* NewAssessmentViewController.swift */,
				CEF579BE232E3FA9009099ED /* StudentsViewController.swift */,
				CEF579C0232E3FB8009099ED /* ExportViewController.swift */,
				1054579A232E4B28008BEF57 /* SingleStudentTableViewCell.swift */,
				1054579C232E5CC8008BEF57 /* AllStudentsTableViewController.swift */,
				106EAFEA232E93EF00A20C5B /* StudentProfileViewController.swift */,
				CE0119DA232F78DB002E183C /* AssessmentsTableViewController.swift */,
				106EAFEE232F83D000A20C5B /* SingleAssessmentTableViewCell.swift */,
				106EAFF2232F93AA00A20C5B /* AttendanceViewController.swift */,
				106EAFF5232FDFF800A20C5B /* convertToDate.swift */,
				CE0119DE23308D2B002E183C /* AssessmentProfileViewController.swift */,
				10C103002333DA1300D7A469 /* popupAlert.swift */,
				10507FC82335C23F0006F229 /* SingleAssessmentViewController.swift */,
				10507FCA2335C8750006F229 /* AssessmentDetailsTableViewCell.swift */,
			);
			name = ViewModel;
			sourceTree = "<group>";
		};
/* End PBXGroup section */

/* Begin PBXNativeTarget section */
		10EC2397232CA46D00E488B3 /* myclass */ = {
			isa = PBXNativeTarget;
			buildConfigurationList = 10EC23C0232CA46E00E488B3 /* Build configuration list for PBXNativeTarget "myclass" */;
			buildPhases = (
				C6944FAF33FE16EF1F1827AA /* [CP] Check Pods Manifest.lock */,
				10EC2394232CA46D00E488B3 /* Sources */,
				10EC2395232CA46D00E488B3 /* Frameworks */,
				10EC2396232CA46D00E488B3 /* Resources */,
				69155A52EEB7B56F70B4AD78 /* [CP] Embed Pods Frameworks */,
			);
			buildRules = (
			);
			dependencies = (
			);
			name = myclass;
			productName = myclass;
			productReference = 10EC2398232CA46D00E488B3 /* myclass.app */;
			productType = "com.apple.product-type.application";
		};
		10EC23AB232CA46E00E488B3 /* myclassTests */ = {
			isa = PBXNativeTarget;
			buildConfigurationList = 10EC23C3232CA46E00E488B3 /* Build configuration list for PBXNativeTarget "myclassTests" */;
			buildPhases = (
				92C3E676E91CFAF7DCC1A984 /* [CP] Check Pods Manifest.lock */,
				10EC23A8232CA46E00E488B3 /* Sources */,
				10EC23A9232CA46E00E488B3 /* Frameworks */,
				10EC23AA232CA46E00E488B3 /* Resources */,
			);
			buildRules = (
			);
			dependencies = (
				10EC23AE232CA46E00E488B3 /* PBXTargetDependency */,
			);
			name = myclassTests;
			productName = myclassTests;
			productReference = 10EC23AC232CA46E00E488B3 /* myclassTests.xctest */;
			productType = "com.apple.product-type.bundle.unit-test";
		};
		10EC23B6232CA46E00E488B3 /* myclassUITests */ = {
			isa = PBXNativeTarget;
			buildConfigurationList = 10EC23C6232CA46E00E488B3 /* Build configuration list for PBXNativeTarget "myclassUITests" */;
			buildPhases = (
				3879DD6524FDA683AFC8D47D /* [CP] Check Pods Manifest.lock */,
				10EC23B3232CA46E00E488B3 /* Sources */,
				10EC23B4232CA46E00E488B3 /* Frameworks */,
				10EC23B5232CA46E00E488B3 /* Resources */,
			);
			buildRules = (
			);
			dependencies = (
				10EC23B9232CA46E00E488B3 /* PBXTargetDependency */,
			);
			name = myclassUITests;
			productName = myclassUITests;
			productReference = 10EC23B7232CA46E00E488B3 /* myclassUITests.xctest */;
			productType = "com.apple.product-type.bundle.ui-testing";
		};
/* End PBXNativeTarget section */

/* Begin PBXProject section */
		10EC2390232CA46D00E488B3 /* Project object */ = {
			isa = PBXProject;
			attributes = {
				LastSwiftUpdateCheck = 1010;
				LastUpgradeCheck = 1010;
				ORGANIZATIONNAME = Harpreetandbhavesh;
				TargetAttributes = {
					10EC2397232CA46D00E488B3 = {
						CreatedOnToolsVersion = 10.1;
						LastSwiftMigration = 1030;
					};
					10EC23AB232CA46E00E488B3 = {
						CreatedOnToolsVersion = 10.1;
						LastSwiftMigration = 1030;
						TestTargetID = 10EC2397232CA46D00E488B3;
					};
					10EC23B6232CA46E00E488B3 = {
						CreatedOnToolsVersion = 10.1;
						LastSwiftMigration = 1030;
						TestTargetID = 10EC2397232CA46D00E488B3;
					};
				};
			};
			buildConfigurationList = 10EC2393232CA46D00E488B3 /* Build configuration list for PBXProject "myclass" */;
			compatibilityVersion = "Xcode 9.3";
			developmentRegion = en;
			hasScannedForEncodings = 0;
			knownRegions = (
				en,
				Base,
			);
			mainGroup = 10EC238F232CA46D00E488B3;
			productRefGroup = 10EC2399232CA46D00E488B3 /* Products */;
			projectDirPath = "";
			projectRoot = "";
			targets = (
				10EC2397232CA46D00E488B3 /* myclass */,
				10EC23AB232CA46E00E488B3 /* myclassTests */,
				10EC23B6232CA46E00E488B3 /* myclassUITests */,
			);
		};
/* End PBXProject section */

/* Begin PBXResourcesBuildPhase section */
		10EC2396232CA46D00E488B3 /* Resources */ = {
			isa = PBXResourcesBuildPhase;
			buildActionMask = 2147483647;
			files = (
				10EC23A6232CA46E00E488B3 /* LaunchScreen.storyboard in Resources */,
				CEF579B3232D006E009099ED /* Images.xcassets in Resources */,
				CE0119DD2330899C002E183C /* AssessmentProfile.storyboard in Resources */,
				CE37B7AD232CDC550086DCD3 /* AddNewStudent.storyboard in Resources */,
				CEF579B9232E3C1C009099ED /* NewAssessment.storyboard in Resources */,
				10EC23A1232CA46D00E488B3 /* Main.storyboard in Resources */,
				106EAFF1232F934700A20C5B /* Attendance.storyboard in Resources */,
				106EAFED232F6F2F00A20C5B /* StudentProfile.storyboard in Resources */,
				CE0119D9232F76E0002E183C /* Assessments.storyboard in Resources */,
				10507FC72335C15B0006F229 /* SingleAssessment.storyboard in Resources */,
				CE37B7A5232CB91A0086DCD3 /* Home.storyboard in Resources */,
			);
			runOnlyForDeploymentPostprocessing = 0;
		};
		10EC23AA232CA46E00E488B3 /* Resources */ = {
			isa = PBXResourcesBuildPhase;
			buildActionMask = 2147483647;
			files = (
			);
			runOnlyForDeploymentPostprocessing = 0;
		};
		10EC23B5232CA46E00E488B3 /* Resources */ = {
			isa = PBXResourcesBuildPhase;
			buildActionMask = 2147483647;
			files = (
			);
			runOnlyForDeploymentPostprocessing = 0;
		};
/* End PBXResourcesBuildPhase section */

/* Begin PBXShellScriptBuildPhase section */
		3879DD6524FDA683AFC8D47D /* [CP] Check Pods Manifest.lock */ = {
			isa = PBXShellScriptBuildPhase;
			buildActionMask = 2147483647;
			files = (
			);
			inputFileListPaths = (
			);
			inputPaths = (
				"${PODS_PODFILE_DIR_PATH}/Podfile.lock",
				"${PODS_ROOT}/Manifest.lock",
			);
			name = "[CP] Check Pods Manifest.lock";
			outputFileListPaths = (
			);
			outputPaths = (
				"$(DERIVED_FILE_DIR)/Pods-myclassUITests-checkManifestLockResult.txt",
			);
			runOnlyForDeploymentPostprocessing = 0;
			shellPath = /bin/sh;
			shellScript = "diff \"${PODS_PODFILE_DIR_PATH}/Podfile.lock\" \"${PODS_ROOT}/Manifest.lock\" > /dev/null\nif [ $? != 0 ] ; then\n    # print error to STDERR\n    echo \"error: The sandbox is not in sync with the Podfile.lock. Run 'pod install' or update your CocoaPods installation.\" >&2\n    exit 1\nfi\n# This output is used by Xcode 'outputs' to avoid re-running this script phase.\necho \"SUCCESS\" > \"${SCRIPT_OUTPUT_FILE_0}\"\n";
			showEnvVarsInLog = 0;
		};
		69155A52EEB7B56F70B4AD78 /* [CP] Embed Pods Frameworks */ = {
			isa = PBXShellScriptBuildPhase;
			buildActionMask = 2147483647;
			files = (
			);
			inputFileListPaths = (
				"${PODS_ROOT}/Target Support Files/Pods-myclass/Pods-myclass-frameworks-${CONFIGURATION}-input-files.xcfilelist",
			);
			name = "[CP] Embed Pods Frameworks";
			outputFileListPaths = (
				"${PODS_ROOT}/Target Support Files/Pods-myclass/Pods-myclass-frameworks-${CONFIGURATION}-output-files.xcfilelist",
			);
			runOnlyForDeploymentPostprocessing = 0;
			shellPath = /bin/sh;
			shellScript = "\"${PODS_ROOT}/Target Support Files/Pods-myclass/Pods-myclass-frameworks.sh\"\n";
			showEnvVarsInLog = 0;
		};
		92C3E676E91CFAF7DCC1A984 /* [CP] Check Pods Manifest.lock */ = {
			isa = PBXShellScriptBuildPhase;
			buildActionMask = 2147483647;
			files = (
			);
			inputFileListPaths = (
			);
			inputPaths = (
				"${PODS_PODFILE_DIR_PATH}/Podfile.lock",
				"${PODS_ROOT}/Manifest.lock",
			);
			name = "[CP] Check Pods Manifest.lock";
			outputFileListPaths = (
			);
			outputPaths = (
				"$(DERIVED_FILE_DIR)/Pods-myclassTests-checkManifestLockResult.txt",
			);
			runOnlyForDeploymentPostprocessing = 0;
			shellPath = /bin/sh;
			shellScript = "diff \"${PODS_PODFILE_DIR_PATH}/Podfile.lock\" \"${PODS_ROOT}/Manifest.lock\" > /dev/null\nif [ $? != 0 ] ; then\n    # print error to STDERR\n    echo \"error: The sandbox is not in sync with the Podfile.lock. Run 'pod install' or update your CocoaPods installation.\" >&2\n    exit 1\nfi\n# This output is used by Xcode 'outputs' to avoid re-running this script phase.\necho \"SUCCESS\" > \"${SCRIPT_OUTPUT_FILE_0}\"\n";
			showEnvVarsInLog = 0;
		};
		C6944FAF33FE16EF1F1827AA /* [CP] Check Pods Manifest.lock */ = {
			isa = PBXShellScriptBuildPhase;
			buildActionMask = 2147483647;
			files = (
			);
			inputFileListPaths = (
			);
			inputPaths = (
				"${PODS_PODFILE_DIR_PATH}/Podfile.lock",
				"${PODS_ROOT}/Manifest.lock",
			);
			name = "[CP] Check Pods Manifest.lock";
			outputFileListPaths = (
			);
			outputPaths = (
				"$(DERIVED_FILE_DIR)/Pods-myclass-checkManifestLockResult.txt",
			);
			runOnlyForDeploymentPostprocessing = 0;
			shellPath = /bin/sh;
			shellScript = "diff \"${PODS_PODFILE_DIR_PATH}/Podfile.lock\" \"${PODS_ROOT}/Manifest.lock\" > /dev/null\nif [ $? != 0 ] ; then\n    # print error to STDERR\n    echo \"error: The sandbox is not in sync with the Podfile.lock. Run 'pod install' or update your CocoaPods installation.\" >&2\n    exit 1\nfi\n# This output is used by Xcode 'outputs' to avoid re-running this script phase.\necho \"SUCCESS\" > \"${SCRIPT_OUTPUT_FILE_0}\"\n";
			showEnvVarsInLog = 0;
		};
/* End PBXShellScriptBuildPhase section */

/* Begin PBXSourcesBuildPhase section */
		10EC2394232CA46D00E488B3 /* Sources */ = {
			isa = PBXSourcesBuildPhase;
			buildActionMask = 2147483647;
			files = (
				106EAFEB232E93EF00A20C5B /* StudentProfileViewController.swift in Sources */,
				CE37B7AB232CDB1E0086DCD3 /* AddStudentViewController.swift in Sources */,
				1035605A232CEF1400466075 /* ImportData.swift in Sources */,
				10EC239E232CA46D00E488B3 /* ViewController.swift in Sources */,
				10507FCB2335C8750006F229 /* AssessmentDetailsTableViewCell.swift in Sources */,
				106EAFF6232FDFF800A20C5B /* convertToDate.swift in Sources */,
				CEF579BB232E3E27009099ED /* NewAssessmentViewController.swift in Sources */,
				10C103012333DA1300D7A469 /* popupAlert.swift in Sources */,
				10356058232CE6BB00466075 /* Marks.swift in Sources */,
				CE28ACFD2335FFF400A2B24E /* CustomDate.swift in Sources */,
				10EC239C232CA46D00E488B3 /* AppDelegate.swift in Sources */,
				CE0119DF23308D2B002E183C /* AssessmentProfileViewController.swift in Sources */,
				CEF579C1232E3FB8009099ED /* ExportViewController.swift in Sources */,
				1054579B232E4B28008BEF57 /* SingleStudentTableViewCell.swift in Sources */,
				10356058232CE6BB00466075 /* Marks.swift in Sources */,
				106EAFEF232F83D000A20C5B /* SingleAssessmentTableViewCell.swift in Sources */,
				10507FC92335C23F0006F229 /* SingleAssessmentViewController.swift in Sources */,
				106EAFF3232F93AA00A20C5B /* AttendanceViewController.swift in Sources */,
				10EC239C232CA46D00E488B3 /* AppDelegate.swift in Sources */,
				10507FCD2335DDBA0006F229 /* studentObjects.swift in Sources */,
				1054579D232E5CC8008BEF57 /* AllStudentsTableViewController.swift in Sources */,
				CE37B7A7232CB9930086DCD3 /* HomeViewController.swift in Sources */,
				CEF579BF232E3FA9009099ED /* StudentsViewController.swift in Sources */,
				10356056232CDFD700466075 /* Assessment.swift in Sources */,
				10356052232CDC1400466075 /* Student.swift in Sources */,
				10356054232CDE0600466075 /* Attendance.swift in Sources */,
				CE0119DB232F78DB002E183C /* AssessmentsTableViewController.swift in Sources */,
			);
			runOnlyForDeploymentPostprocessing = 0;
		};
		10EC23A8232CA46E00E488B3 /* Sources */ = {
			isa = PBXSourcesBuildPhase;
			buildActionMask = 2147483647;
			files = (
				10EC23B1232CA46E00E488B3 /* myclassTests.swift in Sources */,
			);
			runOnlyForDeploymentPostprocessing = 0;
		};
		10EC23B3232CA46E00E488B3 /* Sources */ = {
			isa = PBXSourcesBuildPhase;
			buildActionMask = 2147483647;
			files = (
				10EC23BC232CA46E00E488B3 /* myclassUITests.swift in Sources */,
			);
			runOnlyForDeploymentPostprocessing = 0;
		};
/* End PBXSourcesBuildPhase section */

/* Begin PBXTargetDependency section */
		10EC23AE232CA46E00E488B3 /* PBXTargetDependency */ = {
			isa = PBXTargetDependency;
			target = 10EC2397232CA46D00E488B3 /* myclass */;
			targetProxy = 10EC23AD232CA46E00E488B3 /* PBXContainerItemProxy */;
		};
		10EC23B9232CA46E00E488B3 /* PBXTargetDependency */ = {
			isa = PBXTargetDependency;
			target = 10EC2397232CA46D00E488B3 /* myclass */;
			targetProxy = 10EC23B8232CA46E00E488B3 /* PBXContainerItemProxy */;
		};
/* End PBXTargetDependency section */

/* Begin PBXVariantGroup section */
		10EC239F232CA46D00E488B3 /* Main.storyboard */ = {
			isa = PBXVariantGroup;
			children = (
				10EC23A0232CA46D00E488B3 /* Base */,
			);
			name = Main.storyboard;
			sourceTree = "<group>";
		};
		10EC23A4232CA46E00E488B3 /* LaunchScreen.storyboard */ = {
			isa = PBXVariantGroup;
			children = (
				10EC23A5232CA46E00E488B3 /* Base */,
			);
			name = LaunchScreen.storyboard;
			sourceTree = "<group>";
		};
/* End PBXVariantGroup section */

/* Begin XCBuildConfiguration section */
		10EC23BE232CA46E00E488B3 /* Debug */ = {
			isa = XCBuildConfiguration;
			buildSettings = {
				ALWAYS_SEARCH_USER_PATHS = NO;
				CLANG_ANALYZER_NONNULL = YES;
				CLANG_ANALYZER_NUMBER_OBJECT_CONVERSION = YES_AGGRESSIVE;
				CLANG_CXX_LANGUAGE_STANDARD = "gnu++14";
				CLANG_CXX_LIBRARY = "libc++";
				CLANG_ENABLE_MODULES = YES;
				CLANG_ENABLE_OBJC_ARC = YES;
				CLANG_ENABLE_OBJC_WEAK = YES;
				CLANG_WARN_BLOCK_CAPTURE_AUTORELEASING = YES;
				CLANG_WARN_BOOL_CONVERSION = YES;
				CLANG_WARN_COMMA = YES;
				CLANG_WARN_CONSTANT_CONVERSION = YES;
				CLANG_WARN_DEPRECATED_OBJC_IMPLEMENTATIONS = YES;
				CLANG_WARN_DIRECT_OBJC_ISA_USAGE = YES_ERROR;
				CLANG_WARN_DOCUMENTATION_COMMENTS = YES;
				CLANG_WARN_EMPTY_BODY = YES;
				CLANG_WARN_ENUM_CONVERSION = YES;
				CLANG_WARN_INFINITE_RECURSION = YES;
				CLANG_WARN_INT_CONVERSION = YES;
				CLANG_WARN_NON_LITERAL_NULL_CONVERSION = YES;
				CLANG_WARN_OBJC_IMPLICIT_RETAIN_SELF = YES;
				CLANG_WARN_OBJC_LITERAL_CONVERSION = YES;
				CLANG_WARN_OBJC_ROOT_CLASS = YES_ERROR;
				CLANG_WARN_RANGE_LOOP_ANALYSIS = YES;
				CLANG_WARN_STRICT_PROTOTYPES = YES;
				CLANG_WARN_SUSPICIOUS_MOVE = YES;
				CLANG_WARN_UNGUARDED_AVAILABILITY = YES_AGGRESSIVE;
				CLANG_WARN_UNREACHABLE_CODE = YES;
				CLANG_WARN__DUPLICATE_METHOD_MATCH = YES;
				CODE_SIGN_IDENTITY = "iPhone Developer";
				COPY_PHASE_STRIP = NO;
				DEBUG_INFORMATION_FORMAT = dwarf;
				ENABLE_STRICT_OBJC_MSGSEND = YES;
				ENABLE_TESTABILITY = YES;
				GCC_C_LANGUAGE_STANDARD = gnu11;
				GCC_DYNAMIC_NO_PIC = NO;
				GCC_NO_COMMON_BLOCKS = YES;
				GCC_OPTIMIZATION_LEVEL = 0;
				GCC_PREPROCESSOR_DEFINITIONS = (
					"DEBUG=1",
					"$(inherited)",
				);
				GCC_WARN_64_TO_32_BIT_CONVERSION = YES;
				GCC_WARN_ABOUT_RETURN_TYPE = YES_ERROR;
				GCC_WARN_UNDECLARED_SELECTOR = YES;
				GCC_WARN_UNINITIALIZED_AUTOS = YES_AGGRESSIVE;
				GCC_WARN_UNUSED_FUNCTION = YES;
				GCC_WARN_UNUSED_VARIABLE = YES;
				IPHONEOS_DEPLOYMENT_TARGET = 12.1;
				MTL_ENABLE_DEBUG_INFO = INCLUDE_SOURCE;
				MTL_FAST_MATH = YES;
				ONLY_ACTIVE_ARCH = YES;
				SDKROOT = iphoneos;
				SWIFT_ACTIVE_COMPILATION_CONDITIONS = DEBUG;
				SWIFT_OPTIMIZATION_LEVEL = "-Onone";
			};
			name = Debug;
		};
		10EC23BF232CA46E00E488B3 /* Release */ = {
			isa = XCBuildConfiguration;
			buildSettings = {
				ALWAYS_SEARCH_USER_PATHS = NO;
				CLANG_ANALYZER_NONNULL = YES;
				CLANG_ANALYZER_NUMBER_OBJECT_CONVERSION = YES_AGGRESSIVE;
				CLANG_CXX_LANGUAGE_STANDARD = "gnu++14";
				CLANG_CXX_LIBRARY = "libc++";
				CLANG_ENABLE_MODULES = YES;
				CLANG_ENABLE_OBJC_ARC = YES;
				CLANG_ENABLE_OBJC_WEAK = YES;
				CLANG_WARN_BLOCK_CAPTURE_AUTORELEASING = YES;
				CLANG_WARN_BOOL_CONVERSION = YES;
				CLANG_WARN_COMMA = YES;
				CLANG_WARN_CONSTANT_CONVERSION = YES;
				CLANG_WARN_DEPRECATED_OBJC_IMPLEMENTATIONS = YES;
				CLANG_WARN_DIRECT_OBJC_ISA_USAGE = YES_ERROR;
				CLANG_WARN_DOCUMENTATION_COMMENTS = YES;
				CLANG_WARN_EMPTY_BODY = YES;
				CLANG_WARN_ENUM_CONVERSION = YES;
				CLANG_WARN_INFINITE_RECURSION = YES;
				CLANG_WARN_INT_CONVERSION = YES;
				CLANG_WARN_NON_LITERAL_NULL_CONVERSION = YES;
				CLANG_WARN_OBJC_IMPLICIT_RETAIN_SELF = YES;
				CLANG_WARN_OBJC_LITERAL_CONVERSION = YES;
				CLANG_WARN_OBJC_ROOT_CLASS = YES_ERROR;
				CLANG_WARN_RANGE_LOOP_ANALYSIS = YES;
				CLANG_WARN_STRICT_PROTOTYPES = YES;
				CLANG_WARN_SUSPICIOUS_MOVE = YES;
				CLANG_WARN_UNGUARDED_AVAILABILITY = YES_AGGRESSIVE;
				CLANG_WARN_UNREACHABLE_CODE = YES;
				CLANG_WARN__DUPLICATE_METHOD_MATCH = YES;
				CODE_SIGN_IDENTITY = "iPhone Developer";
				COPY_PHASE_STRIP = NO;
				DEBUG_INFORMATION_FORMAT = "dwarf-with-dsym";
				ENABLE_NS_ASSERTIONS = NO;
				ENABLE_STRICT_OBJC_MSGSEND = YES;
				GCC_C_LANGUAGE_STANDARD = gnu11;
				GCC_NO_COMMON_BLOCKS = YES;
				GCC_WARN_64_TO_32_BIT_CONVERSION = YES;
				GCC_WARN_ABOUT_RETURN_TYPE = YES_ERROR;
				GCC_WARN_UNDECLARED_SELECTOR = YES;
				GCC_WARN_UNINITIALIZED_AUTOS = YES_AGGRESSIVE;
				GCC_WARN_UNUSED_FUNCTION = YES;
				GCC_WARN_UNUSED_VARIABLE = YES;
				IPHONEOS_DEPLOYMENT_TARGET = 12.1;
				MTL_ENABLE_DEBUG_INFO = NO;
				MTL_FAST_MATH = YES;
				SDKROOT = iphoneos;
				SWIFT_COMPILATION_MODE = wholemodule;
				SWIFT_OPTIMIZATION_LEVEL = "-O";
				VALIDATE_PRODUCT = YES;
			};
			name = Release;
		};
		10EC23C1232CA46E00E488B3 /* Debug */ = {
			isa = XCBuildConfiguration;
			baseConfigurationReference = 3DE08FA83301EC0C7C7C5636 /* Pods-myclass.debug.xcconfig */;
			buildSettings = {
				ASSETCATALOG_COMPILER_APPICON_NAME = AppIcon;
				CODE_SIGN_STYLE = Automatic;
				DEVELOPMENT_TEAM = RPG67598D8;
				INFOPLIST_FILE = myclass/Info.plist;
				LD_RUNPATH_SEARCH_PATHS = (
					"$(inherited)",
					"@executable_path/Frameworks",
				);
				PRODUCT_BUNDLE_IDENTIFIER = Harpreet.myclass;
				PRODUCT_NAME = "$(TARGET_NAME)";
				SWIFT_VERSION = 4.2;
				TARGETED_DEVICE_FAMILY = "1,2";
			};
			name = Debug;
		};
		10EC23C2232CA46E00E488B3 /* Release */ = {
			isa = XCBuildConfiguration;
			baseConfigurationReference = 5469AE42A186FA1C876925C9 /* Pods-myclass.release.xcconfig */;
			buildSettings = {
				ASSETCATALOG_COMPILER_APPICON_NAME = AppIcon;
				CODE_SIGN_STYLE = Automatic;
				DEVELOPMENT_TEAM = RPG67598D8;
				INFOPLIST_FILE = myclass/Info.plist;
				LD_RUNPATH_SEARCH_PATHS = (
					"$(inherited)",
					"@executable_path/Frameworks",
				);
				PRODUCT_BUNDLE_IDENTIFIER = Harpreet.myclass;
				PRODUCT_NAME = "$(TARGET_NAME)";
				SWIFT_VERSION = 4.2;
				TARGETED_DEVICE_FAMILY = "1,2";
			};
			name = Release;
		};
		10EC23C4232CA46E00E488B3 /* Debug */ = {
			isa = XCBuildConfiguration;
			baseConfigurationReference = 505A6F1692F0B66B93A5CFBF /* Pods-myclassTests.debug.xcconfig */;
			buildSettings = {
				ALWAYS_EMBED_SWIFT_STANDARD_LIBRARIES = YES;
				BUNDLE_LOADER = "$(TEST_HOST)";
				CODE_SIGN_STYLE = Automatic;
				DEVELOPMENT_TEAM = RPG67598D8;
				INFOPLIST_FILE = myclassTests/Info.plist;
				LD_RUNPATH_SEARCH_PATHS = (
					"$(inherited)",
					"@executable_path/Frameworks",
					"@loader_path/Frameworks",
				);
				PRODUCT_BUNDLE_IDENTIFIER = Harpreet.myclassTests;
				PRODUCT_NAME = "$(TARGET_NAME)";
				SWIFT_VERSION = 4.2;
				TARGETED_DEVICE_FAMILY = "1,2";
				TEST_HOST = "$(BUILT_PRODUCTS_DIR)/myclass.app/myclass";
			};
			name = Debug;
		};
		10EC23C5232CA46E00E488B3 /* Release */ = {
			isa = XCBuildConfiguration;
			baseConfigurationReference = FE60C100566E7C108769B7A0 /* Pods-myclassTests.release.xcconfig */;
			buildSettings = {
				ALWAYS_EMBED_SWIFT_STANDARD_LIBRARIES = YES;
				BUNDLE_LOADER = "$(TEST_HOST)";
				CODE_SIGN_STYLE = Automatic;
				DEVELOPMENT_TEAM = RPG67598D8;
				INFOPLIST_FILE = myclassTests/Info.plist;
				LD_RUNPATH_SEARCH_PATHS = (
					"$(inherited)",
					"@executable_path/Frameworks",
					"@loader_path/Frameworks",
				);
				PRODUCT_BUNDLE_IDENTIFIER = Harpreet.myclassTests;
				PRODUCT_NAME = "$(TARGET_NAME)";
				SWIFT_VERSION = 4.2;
				TARGETED_DEVICE_FAMILY = "1,2";
				TEST_HOST = "$(BUILT_PRODUCTS_DIR)/myclass.app/myclass";
			};
			name = Release;
		};
		10EC23C7232CA46E00E488B3 /* Debug */ = {
			isa = XCBuildConfiguration;
			baseConfigurationReference = 497346CCF5D5137E195498B5 /* Pods-myclassUITests.debug.xcconfig */;
			buildSettings = {
				ALWAYS_EMBED_SWIFT_STANDARD_LIBRARIES = YES;
				CODE_SIGN_STYLE = Automatic;
				DEVELOPMENT_TEAM = RPG67598D8;
				INFOPLIST_FILE = myclassUITests/Info.plist;
				LD_RUNPATH_SEARCH_PATHS = (
					"$(inherited)",
					"@executable_path/Frameworks",
					"@loader_path/Frameworks",
				);
				PRODUCT_BUNDLE_IDENTIFIER = Harpreet.myclassUITests;
				PRODUCT_NAME = "$(TARGET_NAME)";
				SWIFT_VERSION = 4.2;
				TARGETED_DEVICE_FAMILY = "1,2";
				TEST_TARGET_NAME = myclass;
			};
			name = Debug;
		};
		10EC23C8232CA46E00E488B3 /* Release */ = {
			isa = XCBuildConfiguration;
			baseConfigurationReference = DC15059C0D0EC1F01ECB6B1D /* Pods-myclassUITests.release.xcconfig */;
			buildSettings = {
				ALWAYS_EMBED_SWIFT_STANDARD_LIBRARIES = YES;
				CODE_SIGN_STYLE = Automatic;
				DEVELOPMENT_TEAM = RPG67598D8;
				INFOPLIST_FILE = myclassUITests/Info.plist;
				LD_RUNPATH_SEARCH_PATHS = (
					"$(inherited)",
					"@executable_path/Frameworks",
					"@loader_path/Frameworks",
				);
				PRODUCT_BUNDLE_IDENTIFIER = Harpreet.myclassUITests;
				PRODUCT_NAME = "$(TARGET_NAME)";
				SWIFT_VERSION = 4.2;
				TARGETED_DEVICE_FAMILY = "1,2";
				TEST_TARGET_NAME = myclass;
			};
			name = Release;
		};
/* End XCBuildConfiguration section */

/* Begin XCConfigurationList section */
		10EC2393232CA46D00E488B3 /* Build configuration list for PBXProject "myclass" */ = {
			isa = XCConfigurationList;
			buildConfigurations = (
				10EC23BE232CA46E00E488B3 /* Debug */,
				10EC23BF232CA46E00E488B3 /* Release */,
			);
			defaultConfigurationIsVisible = 0;
			defaultConfigurationName = Release;
		};
		10EC23C0232CA46E00E488B3 /* Build configuration list for PBXNativeTarget "myclass" */ = {
			isa = XCConfigurationList;
			buildConfigurations = (
				10EC23C1232CA46E00E488B3 /* Debug */,
				10EC23C2232CA46E00E488B3 /* Release */,
			);
			defaultConfigurationIsVisible = 0;
			defaultConfigurationName = Release;
		};
		10EC23C3232CA46E00E488B3 /* Build configuration list for PBXNativeTarget "myclassTests" */ = {
			isa = XCConfigurationList;
			buildConfigurations = (
				10EC23C4232CA46E00E488B3 /* Debug */,
				10EC23C5232CA46E00E488B3 /* Release */,
			);
			defaultConfigurationIsVisible = 0;
			defaultConfigurationName = Release;
		};
		10EC23C6232CA46E00E488B3 /* Build configuration list for PBXNativeTarget "myclassUITests" */ = {
			isa = XCConfigurationList;
			buildConfigurations = (
				10EC23C7232CA46E00E488B3 /* Debug */,
				10EC23C8232CA46E00E488B3 /* Release */,
			);
			defaultConfigurationIsVisible = 0;
			defaultConfigurationName = Release;
		};
/* End XCConfigurationList section */
	};
	rootObject = 10EC2390232CA46D00E488B3 /* Project object */;
}
